
Microsoft Visual Studio Solution File, Format Version 12.00
# Visual Studio 15
VisualStudioVersion = 15.0.26430.4
MinimumVisualStudioVersion = 10.0.40219.1
Project("{FAE04EC0-301F-11D3-BF4B-00C04F79EFBC}") = "Holdfast", "Holdfast\Holdfast.csproj", "{F5382D09-48AA-49FC-A386-7CAD3F6B96EB}"
EndProject
Project("{FAE04EC0-301F-11D3-BF4B-00C04F79EFBC}") = "Rust", "Rust\Rust.csproj", "{282DC360-C17B-49A1-9F66-59C52AC3CDF4}"
EndProject
Global
	GlobalSection(SolutionConfigurationPlatforms) = preSolution
		Debug|Any CPU = Debug|Any CPU
		Release|Any CPU = Release|Any CPU
	EndGlobalSection
	GlobalSection(ProjectConfigurationPlatforms) = postSolution
		{F5382D09-48AA-49FC-A386-7CAD3F6B96EB}.Debug|Any CPU.ActiveCfg = Debug|Any CPU
		{F5382D09-48AA-49FC-A386-7CAD3F6B96EB}.Debug|Any CPU.Build.0 = Debug|Any CPU
		{F5382D09-48AA-49FC-A386-7CAD3F6B96EB}.Release|Any CPU.ActiveCfg = Release|Any CPU
		{F5382D09-48AA-49FC-A386-7CAD3F6B96EB}.Release|Any CPU.Build.0 = Release|Any CPU
		{282DC360-C17B-49A1-9F66-59C52AC3CDF4}.Debug|Any CPU.ActiveCfg = Debug|Any CPU
		{282DC360-C17B-49A1-9F66-59C52AC3CDF4}.Debug|Any CPU.Build.0 = Debug|Any CPU
		{282DC360-C17B-49A1-9F66-59C52AC3CDF4}.Release|Any CPU.ActiveCfg = Release|Any CPU
		{282DC360-C17B-49A1-9F66-59C52AC3CDF4}.Release|Any CPU.Build.0 = Release|Any CPU
	EndGlobalSection
	GlobalSection(SolutionProperties) = preSolution
		HideSolutionNode = FALSE
	EndGlobalSection
EndGlobal
